// !$*UTF8*$!
{
	archiveVersion = 1;
	classes = {
	};
	objectVersion = 56;
	objects = {

/* Begin PBXBuildFile section */
		1978765E2C46513800422327 /* AppDelegate.swift in Sources */ = {isa = PBXBuildFile; fileRef = 1978765D2C46513800422327 /* AppDelegate.swift */; };
		197876602C46513800422327 /* SceneDelegate.swift in Sources */ = {isa = PBXBuildFile; fileRef = 1978765F2C46513800422327 /* SceneDelegate.swift */; };
		197876622C46513800422327 /* ViewController.swift in Sources */ = {isa = PBXBuildFile; fileRef = 197876612C46513800422327 /* ViewController.swift */; };
		197876652C46513800422327 /* Main.storyboard in Resources */ = {isa = PBXBuildFile; fileRef = 197876632C46513800422327 /* Main.storyboard */; };
		197876672C46513A00422327 /* Assets.xcassets in Resources */ = {isa = PBXBuildFile; fileRef = 197876662C46513A00422327 /* Assets.xcassets */; };
		1978766A2C46513A00422327 /* LaunchScreen.storyboard in Resources */ = {isa = PBXBuildFile; fileRef = 197876682C46513A00422327 /* LaunchScreen.storyboard */; };
		197876752C46513A00422327 /* MVCTutorialTests.swift in Sources */ = {isa = PBXBuildFile; fileRef = 197876742C46513A00422327 /* MVCTutorialTests.swift */; };
		1978767F2C46513A00422327 /* MVCTutorialUITests.swift in Sources */ = {isa = PBXBuildFile; fileRef = 1978767E2C46513A00422327 /* MVCTutorialUITests.swift */; };
		197876812C46513A00422327 /* MVCTutorialUITestsLaunchTests.swift in Sources */ = {isa = PBXBuildFile; fileRef = 197876802C46513A00422327 /* MVCTutorialUITestsLaunchTests.swift */; };
/* End PBXBuildFile section */

/* Begin PBXContainerItemProxy section */
		197876712C46513A00422327 /* PBXContainerItemProxy */ = {
			isa = PBXContainerItemProxy;
			containerPortal = 197876522C46513800422327 /* Project object */;
			proxyType = 1;
			remoteGlobalIDString = 197876592C46513800422327;
			remoteInfo = MVCTutorial;
		};
		1978767B2C46513A00422327 /* PBXContainerItemProxy */ = {
			isa = PBXContainerItemProxy;
			containerPortal = 197876522C46513800422327 /* Project object */;
			proxyType = 1;
			remoteGlobalIDString = 197876592C46513800422327;
			remoteInfo = MVCTutorial;
		};
/* End PBXContainerItemProxy section */

/* Begin PBXFileReference section */
		1978765A2C46513800422327 /* MVCTutorial.app */ = {isa = PBXFileReference; explicitFileType = wrapper.application; includeInIndex = 0; path = MVCTutorial.app; sourceTree = BUILT_PRODUCTS_DIR; };
		1978765D2C46513800422327 /* AppDelegate.swift */ = {isa = PBXFileReference; lastKnownFileType = sourcecode.swift; path = AppDelegate.swift; sourceTree = "<group>"; };
		1978765F2C46513800422327 /* SceneDelegate.swift */ = {isa = PBXFileReference; lastKnownFileType = sourcecode.swift; path = SceneDelegate.swift; sourceTree = "<group>"; };
		197876612C46513800422327 /* ViewController.swift */ = {isa = PBXFileReference; lastKnownFileType = sourcecode.swift; path = ViewController.swift; sourceTree = "<group>"; };
		197876642C46513800422327 /* Base */ = {isa = PBXFileReference; lastKnownFileType = file.storyboard; name = Base; path = Base.lproj/Main.storyboard; sourceTree = "<group>"; };
		197876662C46513A00422327 /* Assets.xcassets */ = {isa = PBXFileReference; lastKnownFileType = folder.assetcatalog; path = Assets.xcassets; sourceTree = "<group>"; };
		197876692C46513A00422327 /* Base */ = {isa = PBXFileReference; lastKnownFileType = file.storyboard; name = Base; path = Base.lproj/LaunchScreen.storyboard; sourceTree = "<group>"; };
		1978766B2C46513A00422327 /* Info.plist */ = {isa = PBXFileReference; lastKnownFileType = text.plist.xml; path = Info.plist; sourceTree = "<group>"; };
		197876702C46513A00422327 /* MVCTutorialTests.xctest */ = {isa = PBXFileReference; explicitFileType = wrapper.cfbundle; includeInIndex = 0; path = MVCTutorialTests.xctest; sourceTree = BUILT_PRODUCTS_DIR; };
		197876742C46513A00422327 /* MVCTutorialTests.swift */ = {isa = PBXFileReference; lastKnownFileType = sourcecode.swift; path = MVCTutorialTests.swift; sourceTree = "<group>"; };
		1978767A2C46513A00422327 /* MVCTutorialUITests.xctest */ = {isa = PBXFileReference; explicitFileType = wrapper.cfbundle; includeInIndex = 0; path = MVCTutorialUITests.xctest; sourceTree = BUILT_PRODUCTS_DIR; };
		1978767E2C46513A00422327 /* MVCTutorialUITests.swift */ = {isa = PBXFileReference; lastKnownFileType = sourcecode.swift; path = MVCTutorialUITests.swift; sourceTree = "<group>"; };
		197876802C46513A00422327 /* MVCTutorialUITestsLaunchTests.swift */ = {isa = PBXFileReference; lastKnownFileType = sourcecode.swift; path = MVCTutorialUITestsLaunchTests.swift; sourceTree = "<group>"; };
/* End PBXFileReference section */

/* Begin PBXFrameworksBuildPhase section */
		197876572C46513800422327 /* Frameworks */ = {
			isa = PBXFrameworksBuildPhase;
			buildActionMask = 2147483647;
			files = (
			);
			runOnlyForDeploymentPostprocessing = 0;
		};
		1978766D2C46513A00422327 /* Frameworks */ = {
			isa = PBXFrameworksBuildPhase;
			buildActionMask = 2147483647;
			files = (
			);
			runOnlyForDeploymentPostprocessing = 0;
		};
		197876772C46513A00422327 /* Frameworks */ = {
			isa = PBXFrameworksBuildPhase;
			buildActionMask = 2147483647;
			files = (
			);
			runOnlyForDeploymentPostprocessing = 0;
		};
/* End PBXFrameworksBuildPhase section */

/* Begin PBXGroup section */
		197876512C46513800422327 = {
			isa = PBXGroup;
			children = (
				1978765C2C46513800422327 /* MVCTutorial */,
				197876732C46513A00422327 /* MVCTutorialTests */,
				1978767D2C46513A00422327 /* MVCTutorialUITests */,
				1978765B2C46513800422327 /* Products */,
			);
			sourceTree = "<group>";
		};
		1978765B2C46513800422327 /* Products */ = {
			isa = PBXGroup;
			children = (
				1978765A2C46513800422327 /* MVCTutorial.app */,
				197876702C46513A00422327 /* MVCTutorialTests.xctest */,
				1978767A2C46513A00422327 /* MVCTutorialUITests.xctest */,
			);
			name = Products;
			sourceTree = "<group>";
		};
		1978765C2C46513800422327 /* MVCTutorial */ = {
			isa = PBXGroup;
			children = (
				1978765D2C46513800422327 /* AppDelegate.swift */,
				1978765F2C46513800422327 /* SceneDelegate.swift */,
				197876612C46513800422327 /* ViewController.swift */,
				197876632C46513800422327 /* Main.storyboard */,
				197876662C46513A00422327 /* Assets.xcassets */,
				197876682C46513A00422327 /* LaunchScreen.storyboard */,
				1978766B2C46513A00422327 /* Info.plist */,
			);
			path = MVCTutorial;
			sourceTree = "<group>";
		};
		197876732C46513A00422327 /* MVCTutorialTests */ = {
			isa = PBXGroup;
			children = (
				197876742C46513A00422327 /* MVCTutorialTests.swift */,
			);
			path = MVCTutorialTests;
			sourceTree = "<group>";
		};
		1978767D2C46513A00422327 /* MVCTutorialUITests */ = {
			isa = PBXGroup;
			children = (
				1978767E2C46513A00422327 /* MVCTutorialUITests.swift */,
				197876802C46513A00422327 /* MVCTutorialUITestsLaunchTests.swift */,
			);
			path = MVCTutorialUITests;
			sourceTree = "<group>";
		};
/* End PBXGroup section */

/* Begin PBXNativeTarget section */
		197876592C46513800422327 /* MVCTutorial */ = {
			isa = PBXNativeTarget;
			buildConfigurationList = 197876842C46513A00422327 /* Build configuration list for PBXNativeTarget "MVCTutorial" */;
			buildPhases = (
				197876562C46513800422327 /* Sources */,
				197876572C46513800422327 /* Frameworks */,
				197876582C46513800422327 /* Resources */,
			);
			buildRules = (
			);
			dependencies = (
			);
			name = MVCTutorial;
			productName = MVCTutorial;
			productReference = 1978765A2C46513800422327 /* MVCTutorial.app */;
			productType = "com.apple.product-type.application";
		};
		1978766F2C46513A00422327 /* MVCTutorialTests */ = {
			isa = PBXNativeTarget;
			buildConfigurationList = 197876872C46513A00422327 /* Build configuration list for PBXNativeTarget "MVCTutorialTests" */;
			buildPhases = (
				1978766C2C46513A00422327 /* Sources */,
				1978766D2C46513A00422327 /* Frameworks */,
				1978766E2C46513A00422327 /* Resources */,
			);
			buildRules = (
			);
			dependencies = (
				197876722C46513A00422327 /* PBXTargetDependency */,
			);
			name = MVCTutorialTests;
			productName = MVCTutorialTests;
			productReference = 197876702C46513A00422327 /* MVCTutorialTests.xctest */;
			productType = "com.apple.product-type.bundle.unit-test";
		};
		197876792C46513A00422327 /* MVCTutorialUITests */ = {
			isa = PBXNativeTarget;
			buildConfigurationList = 1978768A2C46513A00422327 /* Build configuration list for PBXNativeTarget "MVCTutorialUITests" */;
			buildPhases = (
				197876762C46513A00422327 /* Sources */,
				197876772C46513A00422327 /* Frameworks */,
				197876782C46513A00422327 /* Resources */,
			);
			buildRules = (
			);
			dependencies = (
				1978767C2C46513A00422327 /* PBXTargetDependency */,
			);
			name = MVCTutorialUITests;
			productName = MVCTutorialUITests;
			productReference = 1978767A2C46513A00422327 /* MVCTutorialUITests.xctest */;
			productType = "com.apple.product-type.bundle.ui-testing";
		};
/* End PBXNativeTarget section */

/* Begin PBXProject section */
		197876522C46513800422327 /* Project object */ = {
			isa = PBXProject;
			attributes = {
				BuildIndependentTargetsInParallel = 1;
				LastSwiftUpdateCheck = 1430;
				LastUpgradeCheck = 1430;
				TargetAttributes = {
					197876592C46513800422327 = {
						CreatedOnToolsVersion = 14.3.1;
					};
					1978766F2C46513A00422327 = {
						CreatedOnToolsVersion = 14.3.1;
						TestTargetID = 197876592C46513800422327;
					};
					197876792C46513A00422327 = {
						CreatedOnToolsVersion = 14.3.1;
						TestTargetID = 197876592C46513800422327;
					};
				};
			};
			buildConfigurationList = 197876552C46513800422327 /* Build configuration list for PBXProject "MVCTutorial" */;
			compatibilityVersion = "Xcode 14.0";
			developmentRegion = en;
			hasScannedForEncodings = 0;
			knownRegions = (
				en,
				Base,
			);
			mainGroup = 197876512C46513800422327;
			productRefGroup = 1978765B2C46513800422327 /* Products */;
			projectDirPath = "";
			projectRoot = "";
			targets = (
				197876592C46513800422327 /* MVCTutorial */,
				1978766F2C46513A00422327 /* MVCTutorialTests */,
				197876792C46513A00422327 /* MVCTutorialUITests */,
			);
		};
/* End PBXProject section */

/* Begin PBXResourcesBuildPhase section */
		197876582C46513800422327 /* Resources */ = {
			isa = PBXResourcesBuildPhase;
			buildActionMask = 2147483647;
			files = (
				1978766A2C46513A00422327 /* LaunchScreen.storyboard in Resources */,
				197876672C46513A00422327 /* Assets.xcassets in Resources */,
				197876652C46513800422327 /* Main.storyboard in Resources */,
			);
			runOnlyForDeploymentPostprocessing = 0;
		};
		1978766E2C46513A00422327 /* Resources */ = {
			isa = PBXResourcesBuildPhase;
			buildActionMask = 2147483647;
			files = (
			);
			runOnlyForDeploymentPostprocessing = 0;
		};
		197876782C46513A00422327 /* Resources */ = {
			isa = PBXResourcesBuildPhase;
			buildActionMask = 2147483647;
			files = (
			);
			runOnlyForDeploymentPostprocessing = 0;
		};
/* End PBXResourcesBuildPhase section */

/* Begin PBXSourcesBuildPhase section */
		197876562C46513800422327 /* Sources */ = {
			isa = PBXSourcesBuildPhase;
			buildActionMask = 2147483647;
			files = (
				197876622C46513800422327 /* ViewController.swift in Sources */,
				1978765E2C46513800422327 /* AppDelegate.swift in Sources */,
				197876602C46513800422327 /* SceneDelegate.swift in Sources */,
			);
			runOnlyForDeploymentPostprocessing = 0;
		};
		1978766C2C46513A00422327 /* Sources */ = {
			isa = PBXSourcesBuildPhase;
			buildActionMask = 2147483647;
			files = (
				197876752C46513A00422327 /* MVCTutorialTests.swift in Sources */,
			);
			runOnlyForDeploymentPostprocessing = 0;
		};
		197876762C46513A00422327 /* Sources */ = {
			isa = PBXSourcesBuildPhase;
			buildActionMask = 2147483647;
			files = (
				1978767F2C46513A00422327 /* MVCTutorialUITests.swift in Sources */,
				197876812C46513A00422327 /* MVCTutorialUITestsLaunchTests.swift in Sources */,
			);
			runOnlyForDeploymentPostprocessing = 0;
		};
/* End PBXSourcesBuildPhase section */

/* Begin PBXTargetDependency section */
		197876722C46513A00422327 /* PBXTargetDependency */ = {
			isa = PBXTargetDependency;
			target = 197876592C46513800422327 /* MVCTutorial */;
			targetProxy = 197876712C46513A00422327 /* PBXContainerItemProxy */;
		};
		1978767C2C46513A00422327 /* PBXTargetDependency */ = {
			isa = PBXTargetDependency;
			target = 197876592C46513800422327 /* MVCTutorial */;
			targetProxy = 1978767B2C46513A00422327 /* PBXContainerItemProxy */;
		};
/* End PBXTargetDependency section */

/* Begin PBXVariantGroup section */
		197876632C46513800422327 /* Main.storyboard */ = {
			isa = PBXVariantGroup;
			children = (
				197876642C46513800422327 /* Base */,
			);
			name = Main.storyboard;
			sourceTree = "<group>";
		};
		197876682C46513A00422327 /* LaunchScreen.storyboard */ = {
			isa = PBXVariantGroup;
			children = (
				197876692C46513A00422327 /* Base */,
			);
			name = LaunchScreen.storyboard;
			sourceTree = "<group>";
		};
/* End PBXVariantGroup section */

/* Begin XCBuildConfiguration section */
		197876822C46513A00422327 /* Debug */ = {
			isa = XCBuildConfiguration;
			buildSettings = {
				ALWAYS_SEARCH_USER_PATHS = NO;
				CLANG_ANALYZER_NONNULL = YES;
				CLANG_ANALYZER_NUMBER_OBJECT_CONVERSION = YES_AGGRESSIVE;
				CLANG_CXX_LANGUAGE_STANDARD = "gnu++20";
				CLANG_ENABLE_MODULES = YES;
				CLANG_ENABLE_OBJC_ARC = YES;
				CLANG_ENABLE_OBJC_WEAK = YES;
				CLANG_WARN_BLOCK_CAPTURE_AUTORELEASING = YES;
				CLANG_WARN_BOOL_CONVERSION = YES;
				CLANG_WARN_COMMA = YES;
				CLANG_WARN_CONSTANT_CONVERSION = YES;
				CLANG_WARN_DEPRECATED_OBJC_IMPLEMENTATIONS = YES;
				CLANG_WARN_DIRECT_OBJC_ISA_USAGE = YES_ERROR;
				CLANG_WARN_DOCUMENTATION_COMMENTS = YES;
				CLANG_WARN_EMPTY_BODY = YES;
				CLANG_WARN_ENUM_CONVERSION = YES;
				CLANG_WARN_INFINITE_RECURSION = YES;
				CLANG_WARN_INT_CONVERSION = YES;
				CLANG_WARN_NON_LITERAL_NULL_CONVERSION = YES;
				CLANG_WARN_OBJC_IMPLICIT_RETAIN_SELF = YES;
				CLANG_WARN_OBJC_LITERAL_CONVERSION = YES;
				CLANG_WARN_OBJC_ROOT_CLASS = YES_ERROR;
				CLANG_WARN_QUOTED_INCLUDE_IN_FRAMEWORK_HEADER = YES;
				CLANG_WARN_RANGE_LOOP_ANALYSIS = YES;
				CLANG_WARN_STRICT_PROTOTYPES = YES;
				CLANG_WARN_SUSPICIOUS_MOVE = YES;
				CLANG_WARN_UNGUARDED_AVAILABILITY = YES_AGGRESSIVE;
				CLANG_WARN_UNREACHABLE_CODE = YES;
				CLANG_WARN__DUPLICATE_METHOD_MATCH = YES;
				COPY_PHASE_STRIP = NO;
				DEBUG_INFORMATION_FORMAT = dwarf;
				ENABLE_STRICT_OBJC_MSGSEND = YES;
				ENABLE_TESTABILITY = YES;
				GCC_C_LANGUAGE_STANDARD = gnu11;
				GCC_DYNAMIC_NO_PIC = NO;
				GCC_NO_COMMON_BLOCKS = YES;
				GCC_OPTIMIZATION_LEVEL = 0;
				GCC_PREPROCESSOR_DEFINITIONS = (
					"DEBUG=1",
					"$(inherited)",
				);
				GCC_WARN_64_TO_32_BIT_CONVERSION = YES;
				GCC_WARN_ABOUT_RETURN_TYPE = YES_ERROR;
				GCC_WARN_UNDECLARED_SELECTOR = YES;
				GCC_WARN_UNINITIALIZED_AUTOS = YES_AGGRESSIVE;
				GCC_WARN_UNUSED_FUNCTION = YES;
				GCC_WARN_UNUSED_VARIABLE = YES;
				IPHONEOS_DEPLOYMENT_TARGET = 16.4;
				MTL_ENABLE_DEBUG_INFO = INCLUDE_SOURCE;
				MTL_FAST_MATH = YES;
				ONLY_ACTIVE_ARCH = YES;
				SDKROOT = iphoneos;
				SWIFT_ACTIVE_COMPILATION_CONDITIONS = DEBUG;
				SWIFT_OPTIMIZATION_LEVEL = "-Onone";
			};
			name = Debug;
		};
		197876832C46513A00422327 /* Release */ = {
			isa = XCBuildConfiguration;
			buildSettings = {
				ALWAYS_SEARCH_USER_PATHS = NO;
				CLANG_ANALYZER_NONNULL = YES;
				CLANG_ANALYZER_NUMBER_OBJECT_CONVERSION = YES_AGGRESSIVE;
				CLANG_CXX_LANGUAGE_STANDARD = "gnu++20";
				CLANG_ENABLE_MODULES = YES;
				CLANG_ENABLE_OBJC_ARC = YES;
				CLANG_ENABLE_OBJC_WEAK = YES;
				CLANG_WARN_BLOCK_CAPTURE_AUTORELEASING = YES;
				CLANG_WARN_BOOL_CONVERSION = YES;
				CLANG_WARN_COMMA = YES;
				CLANG_WARN_CONSTANT_CONVERSION = YES;
				CLANG_WARN_DEPRECATED_OBJC_IMPLEMENTATIONS = YES;
				CLANG_WARN_DIRECT_OBJC_ISA_USAGE = YES_ERROR;
				CLANG_WARN_DOCUMENTATION_COMMENTS = YES;
				CLANG_WARN_EMPTY_BODY = YES;
				CLANG_WARN_ENUM_CONVERSION = YES;
				CLANG_WARN_INFINITE_RECURSION = YES;
				CLANG_WARN_INT_CONVERSION = YES;
				CLANG_WARN_NON_LITERAL_NULL_CONVERSION = YES;
				CLANG_WARN_OBJC_IMPLICIT_RETAIN_SELF = YES;
				CLANG_WARN_OBJC_LITERAL_CONVERSION = YES;
				CLANG_WARN_OBJC_ROOT_CLASS = YES_ERROR;
				CLANG_WARN_QUOTED_INCLUDE_IN_FRAMEWORK_HEADER = YES;
				CLANG_WARN_RANGE_LOOP_ANALYSIS = YES;
				CLANG_WARN_STRICT_PROTOTYPES = YES;
				CLANG_WARN_SUSPICIOUS_MOVE = YES;
				CLANG_WARN_UNGUARDED_AVAILABILITY = YES_AGGRESSIVE;
				CLANG_WARN_UNREACHABLE_CODE = YES;
				CLANG_WARN__DUPLICATE_METHOD_MATCH = YES;
				COPY_PHASE_STRIP = NO;
				DEBUG_INFORMATION_FORMAT = "dwarf-with-dsym";
				ENABLE_NS_ASSERTIONS = NO;
				ENABLE_STRICT_OBJC_MSGSEND = YES;
				GCC_C_LANGUAGE_STANDARD = gnu11;
				GCC_NO_COMMON_BLOCKS = YES;
				GCC_WARN_64_TO_32_BIT_CONVERSION = YES;
				GCC_WARN_ABOUT_RETURN_TYPE = YES_ERROR;
				GCC_WARN_UNDECLARED_SELECTOR = YES;
				GCC_WARN_UNINITIALIZED_AUTOS = YES_AGGRESSIVE;
				GCC_WARN_UNUSED_FUNCTION = YES;
				GCC_WARN_UNUSED_VARIABLE = YES;
				IPHONEOS_DEPLOYMENT_TARGET = 16.4;
				MTL_ENABLE_DEBUG_INFO = NO;
				MTL_FAST_MATH = YES;
				SDKROOT = iphoneos;
				SWIFT_COMPILATION_MODE = wholemodule;
				SWIFT_OPTIMIZATION_LEVEL = "-O";
				VALIDATE_PRODUCT = YES;
			};
			name = Release;
		};
		197876852C46513A00422327 /* Debug */ = {
			isa = XCBuildConfiguration;
			buildSettings = {
				ASSETCATALOG_COMPILER_APPICON_NAME = AppIcon;
				ASSETCATALOG_COMPILER_GLOBAL_ACCENT_COLOR_NAME = AccentColor;
				CODE_SIGN_STYLE = Automatic;
				CURRENT_PROJECT_VERSION = 1;
				GENERATE_INFOPLIST_FILE = YES;
				INFOPLIST_FILE = MVCTutorial/Info.plist;
				INFOPLIST_KEY_UIApplicationSupportsIndirectInputEvents = YES;
				INFOPLIST_KEY_UILaunchStoryboardName = LaunchScreen;
				INFOPLIST_KEY_UIMainStoryboardFile = Main;
				INFOPLIST_KEY_UISupportedInterfaceOrientations_iPad = "UIInterfaceOrientationPortrait UIInterfaceOrientationPortraitUpsideDown UIInterfaceOrientationLandscapeLeft UIInterfaceOrientationLandscapeRight";
				INFOPLIST_KEY_UISupportedInterfaceOrientations_iPhone = "UIInterfaceOrientationPortrait UIInterfaceOrientationLandscapeLeft UIInterfaceOrientationLandscapeRight";
				LD_RUNPATH_SEARCH_PATHS = (
					"$(inherited)",
					"@executable_path/Frameworks",
				);
				MARKETING_VERSION = 1.0;
				PRODUCT_BUNDLE_IDENTIFIER = com.study.MVCTutorial;
				PRODUCT_NAME = "$(TARGET_NAME)";
				SWIFT_EMIT_LOC_STRINGS = YES;
				SWIFT_VERSION = 5.0;
				TARGETED_DEVICE_FAMILY = "1,2";
			};
			name = Debug;
		};
		197876862C46513A00422327 /* Release */ = {
			isa = XCBuildConfiguration;
			buildSettings = {
				ASSETCATALOG_COMPILER_APPICON_NAME = AppIcon;
				ASSETCATALOG_COMPILER_GLOBAL_ACCENT_COLOR_NAME = AccentColor;
				CODE_SIGN_STYLE = Automatic;
				CURRENT_PROJECT_VERSION = 1;
				GENERATE_INFOPLIST_FILE = YES;
				INFOPLIST_FILE = MVCTutorial/Info.plist;
				INFOPLIST_KEY_UIApplicationSupportsIndirectInputEvents = YES;
				INFOPLIST_KEY_UILaunchStoryboardName = LaunchScreen;
				INFOPLIST_KEY_UIMainStoryboardFile = Main;
				INFOPLIST_KEY_UISupportedInterfaceOrientations_iPad = "UIInterfaceOrientationPortrait UIInterfaceOrientationPortraitUpsideDown UIInterfaceOrientationLandscapeLeft UIInterfaceOrientationLandscapeRight";
				INFOPLIST_KEY_UISupportedInterfaceOrientations_iPhone = "UIInterfaceOrientationPortrait UIInterfaceOrientationLandscapeLeft UIInterfaceOrientationLandscapeRight";
				LD_RUNPATH_SEARCH_PATHS = (
					"$(inherited)",
					"@executable_path/Frameworks",
				);
				MARKETING_VERSION = 1.0;
				PRODUCT_BUNDLE_IDENTIFIER = com.study.MVCTutorial;
				PRODUCT_NAME = "$(TARGET_NAME)";
				SWIFT_EMIT_LOC_STRINGS = YES;
				SWIFT_VERSION = 5.0;
				TARGETED_DEVICE_FAMILY = "1,2";
			};
			name = Release;
		};
		197876882C46513A00422327 /* Debug */ = {
			isa = XCBuildConfiguration;
			buildSettings = {
				ALWAYS_EMBED_SWIFT_STANDARD_LIBRARIES = YES;
				BUNDLE_LOADER = "$(TEST_HOST)";
				CODE_SIGN_STYLE = Automatic;
				CURRENT_PROJECT_VERSION = 1;
				GENERATE_INFOPLIST_FILE = YES;
				IPHONEOS_DEPLOYMENT_TARGET = 16.4;
				MARKETING_VERSION = 1.0;
				PRODUCT_BUNDLE_IDENTIFIER = com.study.MVCTutorialTests;
				PRODUCT_NAME = "$(TARGET_NAME)";
				SWIFT_EMIT_LOC_STRINGS = NO;
				SWIFT_VERSION = 5.0;
				TARGETED_DEVICE_FAMILY = "1,2";
				TEST_HOST = "$(BUILT_PRODUCTS_DIR)/MVCTutorial.app/$(BUNDLE_EXECUTABLE_FOLDER_PATH)/MVCTutorial";
			};
			name = Debug;
		};
		197876892C46513A00422327 /* Release */ = {
			isa = XCBuildConfiguration;
			buildSettings = {
				ALWAYS_EMBED_SWIFT_STANDARD_LIBRARIES = YES;
				BUNDLE_LOADER = "$(TEST_HOST)";
				CODE_SIGN_STYLE = Automatic;
				CURRENT_PROJECT_VERSION = 1;
				GENERATE_INFOPLIST_FILE = YES;
				IPHONEOS_DEPLOYMENT_TARGET = 16.4;
				MARKETING_VERSION = 1.0;
				PRODUCT_BUNDLE_IDENTIFIER = com.study.MVCTutorialTests;
				PRODUCT_NAME = "$(TARGET_NAME)";
				SWIFT_EMIT_LOC_STRINGS = NO;
				SWIFT_VERSION = 5.0;
				TARGETED_DEVICE_FAMILY = "1,2";
				TEST_HOST = "$(BUILT_PRODUCTS_DIR)/MVCTutorial.app/$(BUNDLE_EXECUTABLE_FOLDER_PATH)/MVCTutorial";
			};
			name = Release;
		};
		1978768B2C46513A00422327 /* Debug */ = {
			isa = XCBuildConfiguration;
			buildSettings = {
				ALWAYS_EMBED_SWIFT_STANDARD_LIBRARIES = YES;
				CODE_SIGN_STYLE = Automatic;
				CURRENT_PROJECT_VERSION = 1;
				GENERATE_INFOPLIST_FILE = YES;
				MARKETING_VERSION = 1.0;
				PRODUCT_BUNDLE_IDENTIFIER = com.study.MVCTutorialUITests;
				PRODUCT_NAME = "$(TARGET_NAME)";
				SWIFT_EMIT_LOC_STRINGS = NO;
				SWIFT_VERSION = 5.0;
				TARGETED_DEVICE_FAMILY = "1,2";
				TEST_TARGET_NAME = MVCTutorial;
			};
			name = Debug;
		};
		1978768C2C46513A00422327 /* Release */ = {
			isa = XCBuildConfiguration;
			buildSettings = {
				ALWAYS_EMBED_SWIFT_STANDARD_LIBRARIES = YES;
				CODE_SIGN_STYLE = Automatic;
				CURRENT_PROJECT_VERSION = 1;
				GENERATE_INFOPLIST_FILE = YES;
				MARKETING_VERSION = 1.0;
				PRODUCT_BUNDLE_IDENTIFIER = com.study.MVCTutorialUITests;
				PRODUCT_NAME = "$(TARGET_NAME)";
				SWIFT_EMIT_LOC_STRINGS = NO;
				SWIFT_VERSION = 5.0;
				TARGETED_DEVICE_FAMILY = "1,2";
				TEST_TARGET_NAME = MVCTutorial;
			};
			name = Release;
		};
/* End XCBuildConfiguration section */

/* Begin XCConfigurationList section */
		197876552C46513800422327 /* Build configuration list for PBXProject "MVCTutorial" */ = {
			isa = XCConfigurationList;
			buildConfigurations = (
				197876822C46513A00422327 /* Debug */,
				197876832C46513A00422327 /* Release */,
			);
			defaultConfigurationIsVisible = 0;
			defaultConfigurationName = Release;
		};
		197876842C46513A00422327 /* Build configuration list for PBXNativeTarget "MVCTutorial" */ = {
			isa = XCConfigurationList;
			buildConfigurations = (
				197876852C46513A00422327 /* Debug */,
				197876862C46513A00422327 /* Release */,
			);
			defaultConfigurationIsVisible = 0;
			defaultConfigurationName = Release;
		};
		197876872C46513A00422327 /* Build configuration list for PBXNativeTarget "MVCTutorialTests" */ = {
			isa = XCConfigurationList;
			buildConfigurations = (
				197876882C46513A00422327 /* Debug */,
				197876892C46513A00422327 /* Release */,
			);
			defaultConfigurationIsVisible = 0;
			defaultConfigurationName = Release;
		};
		1978768A2C46513A00422327 /* Build configuration list for PBXNativeTarget "MVCTutorialUITests" */ = {
			isa = XCConfigurationList;
			buildConfigurations = (
				1978768B2C46513A00422327 /* Debug */,
				1978768C2C46513A00422327 /* Release */,
			);
			defaultConfigurationIsVisible = 0;
			defaultConfigurationName = Release;
		};
/* End XCConfigurationList section */
	};
	rootObject = 197876522C46513800422327 /* Project object */;
}
