// !$*UTF8*$!
{
	archiveVersion = 1;
	classes = {
	};
	objectVersion = 56;
	objects = {

/* Begin PBXBuildFile section */
		19A2790D2C3FA05600C05AE6 /* BindingApp.swift in Sources */ = {isa = PBXBuildFile; fileRef = 19A2790C2C3FA05600C05AE6 /* BindingApp.swift */; };
		19A2790F2C3FA05600C05AE6 /* ContentView.swift in Sources */ = {isa = PBXBuildFile; fileRef = 19A2790E2C3FA05600C05AE6 /* ContentView.swift */; };
		19A279112C3FA05600C05AE6 /* Assets.xcassets in Resources */ = {isa = PBXBuildFile; fileRef = 19A279102C3FA05600C05AE6 /* Assets.xcassets */; };
		19A279142C3FA05600C05AE6 /* Preview Assets.xcassets in Resources */ = {isa = PBXBuildFile; fileRef = 19A279132C3FA05600C05AE6 /* Preview Assets.xcassets */; };
		19A2791E2C3FA05600C05AE6 /* BindingTests.swift in Sources */ = {isa = PBXBuildFile; fileRef = 19A2791D2C3FA05600C05AE6 /* BindingTests.swift */; };
		19A279282C3FA05600C05AE6 /* BindingUITests.swift in Sources */ = {isa = PBXBuildFile; fileRef = 19A279272C3FA05600C05AE6 /* BindingUITests.swift */; };
		19A2792A2C3FA05600C05AE6 /* BindingUITestsLaunchTests.swift in Sources */ = {isa = PBXBuildFile; fileRef = 19A279292C3FA05600C05AE6 /* BindingUITestsLaunchTests.swift */; };
/* End PBXBuildFile section */

/* Begin PBXContainerItemProxy section */
		19A2791A2C3FA05600C05AE6 /* PBXContainerItemProxy */ = {
			isa = PBXContainerItemProxy;
			containerPortal = 19A279012C3FA05600C05AE6 /* Project object */;
			proxyType = 1;
			remoteGlobalIDString = 19A279082C3FA05600C05AE6;
			remoteInfo = Binding;
		};
		19A279242C3FA05600C05AE6 /* PBXContainerItemProxy */ = {
			isa = PBXContainerItemProxy;
			containerPortal = 19A279012C3FA05600C05AE6 /* Project object */;
			proxyType = 1;
			remoteGlobalIDString = 19A279082C3FA05600C05AE6;
			remoteInfo = Binding;
		};
/* End PBXContainerItemProxy section */

/* Begin PBXFileReference section */
		19A279092C3FA05600C05AE6 /* Binding.app */ = {isa = PBXFileReference; explicitFileType = wrapper.application; includeInIndex = 0; path = Binding.app; sourceTree = BUILT_PRODUCTS_DIR; };
		19A2790C2C3FA05600C05AE6 /* BindingApp.swift */ = {isa = PBXFileReference; lastKnownFileType = sourcecode.swift; path = BindingApp.swift; sourceTree = "<group>"; };
		19A2790E2C3FA05600C05AE6 /* ContentView.swift */ = {isa = PBXFileReference; lastKnownFileType = sourcecode.swift; path = ContentView.swift; sourceTree = "<group>"; };
		19A279102C3FA05600C05AE6 /* Assets.xcassets */ = {isa = PBXFileReference; lastKnownFileType = folder.assetcatalog; path = Assets.xcassets; sourceTree = "<group>"; };
		19A279132C3FA05600C05AE6 /* Preview Assets.xcassets */ = {isa = PBXFileReference; lastKnownFileType = folder.assetcatalog; path = "Preview Assets.xcassets"; sourceTree = "<group>"; };
		19A279192C3FA05600C05AE6 /* BindingTests.xctest */ = {isa = PBXFileReference; explicitFileType = wrapper.cfbundle; includeInIndex = 0; path = BindingTests.xctest; sourceTree = BUILT_PRODUCTS_DIR; };
		19A2791D2C3FA05600C05AE6 /* BindingTests.swift */ = {isa = PBXFileReference; lastKnownFileType = sourcecode.swift; path = BindingTests.swift; sourceTree = "<group>"; };
		19A279232C3FA05600C05AE6 /* BindingUITests.xctest */ = {isa = PBXFileReference; explicitFileType = wrapper.cfbundle; includeInIndex = 0; path = BindingUITests.xctest; sourceTree = BUILT_PRODUCTS_DIR; };
		19A279272C3FA05600C05AE6 /* BindingUITests.swift */ = {isa = PBXFileReference; lastKnownFileType = sourcecode.swift; path = BindingUITests.swift; sourceTree = "<group>"; };
		19A279292C3FA05600C05AE6 /* BindingUITestsLaunchTests.swift */ = {isa = PBXFileReference; lastKnownFileType = sourcecode.swift; path = BindingUITestsLaunchTests.swift; sourceTree = "<group>"; };
/* End PBXFileReference section */

/* Begin PBXFrameworksBuildPhase section */
		19A279062C3FA05600C05AE6 /* Frameworks */ = {
			isa = PBXFrameworksBuildPhase;
			buildActionMask = 2147483647;
			files = (
			);
			runOnlyForDeploymentPostprocessing = 0;
		};
		19A279162C3FA05600C05AE6 /* Frameworks */ = {
			isa = PBXFrameworksBuildPhase;
			buildActionMask = 2147483647;
			files = (
			);
			runOnlyForDeploymentPostprocessing = 0;
		};
		19A279202C3FA05600C05AE6 /* Frameworks */ = {
			isa = PBXFrameworksBuildPhase;
			buildActionMask = 2147483647;
			files = (
			);
			runOnlyForDeploymentPostprocessing = 0;
		};
/* End PBXFrameworksBuildPhase section */

/* Begin PBXGroup section */
		19A279002C3FA05600C05AE6 = {
			isa = PBXGroup;
			children = (
				19A2790B2C3FA05600C05AE6 /* Binding */,
				19A2791C2C3FA05600C05AE6 /* BindingTests */,
				19A279262C3FA05600C05AE6 /* BindingUITests */,
				19A2790A2C3FA05600C05AE6 /* Products */,
			);
			sourceTree = "<group>";
		};
		19A2790A2C3FA05600C05AE6 /* Products */ = {
			isa = PBXGroup;
			children = (
				19A279092C3FA05600C05AE6 /* Binding.app */,
				19A279192C3FA05600C05AE6 /* BindingTests.xctest */,
				19A279232C3FA05600C05AE6 /* BindingUITests.xctest */,
			);
			name = Products;
			sourceTree = "<group>";
		};
		19A2790B2C3FA05600C05AE6 /* Binding */ = {
			isa = PBXGroup;
			children = (
				19A2790C2C3FA05600C05AE6 /* BindingApp.swift */,
				19A2790E2C3FA05600C05AE6 /* ContentView.swift */,
				19A279102C3FA05600C05AE6 /* Assets.xcassets */,
				19A279122C3FA05600C05AE6 /* Preview Content */,
			);
			path = Binding;
			sourceTree = "<group>";
		};
		19A279122C3FA05600C05AE6 /* Preview Content */ = {
			isa = PBXGroup;
			children = (
				19A279132C3FA05600C05AE6 /* Preview Assets.xcassets */,
			);
			path = "Preview Content";
			sourceTree = "<group>";
		};
		19A2791C2C3FA05600C05AE6 /* BindingTests */ = {
			isa = PBXGroup;
			children = (
				19A2791D2C3FA05600C05AE6 /* BindingTests.swift */,
			);
			path = BindingTests;
			sourceTree = "<group>";
		};
		19A279262C3FA05600C05AE6 /* BindingUITests */ = {
			isa = PBXGroup;
			children = (
				19A279272C3FA05600C05AE6 /* BindingUITests.swift */,
				19A279292C3FA05600C05AE6 /* BindingUITestsLaunchTests.swift */,
			);
			path = BindingUITests;
			sourceTree = "<group>";
		};
/* End PBXGroup section */

/* Begin PBXNativeTarget section */
		19A279082C3FA05600C05AE6 /* Binding */ = {
			isa = PBXNativeTarget;
			buildConfigurationList = 19A2792D2C3FA05600C05AE6 /* Build configuration list for PBXNativeTarget "Binding" */;
			buildPhases = (
				19A279052C3FA05600C05AE6 /* Sources */,
				19A279062C3FA05600C05AE6 /* Frameworks */,
				19A279072C3FA05600C05AE6 /* Resources */,
			);
			buildRules = (
			);
			dependencies = (
			);
			name = Binding;
			productName = Binding;
			productReference = 19A279092C3FA05600C05AE6 /* Binding.app */;
			productType = "com.apple.product-type.application";
		};
		19A279182C3FA05600C05AE6 /* BindingTests */ = {
			isa = PBXNativeTarget;
			buildConfigurationList = 19A279302C3FA05600C05AE6 /* Build configuration list for PBXNativeTarget "BindingTests" */;
			buildPhases = (
				19A279152C3FA05600C05AE6 /* Sources */,
				19A279162C3FA05600C05AE6 /* Frameworks */,
				19A279172C3FA05600C05AE6 /* Resources */,
			);
			buildRules = (
			);
			dependencies = (
				19A2791B2C3FA05600C05AE6 /* PBXTargetDependency */,
			);
			name = BindingTests;
			productName = BindingTests;
			productReference = 19A279192C3FA05600C05AE6 /* BindingTests.xctest */;
			productType = "com.apple.product-type.bundle.unit-test";
		};
		19A279222C3FA05600C05AE6 /* BindingUITests */ = {
			isa = PBXNativeTarget;
			buildConfigurationList = 19A279332C3FA05600C05AE6 /* Build configuration list for PBXNativeTarget "BindingUITests" */;
			buildPhases = (
				19A2791F2C3FA05600C05AE6 /* Sources */,
				19A279202C3FA05600C05AE6 /* Frameworks */,
				19A279212C3FA05600C05AE6 /* Resources */,
			);
			buildRules = (
			);
			dependencies = (
				19A279252C3FA05600C05AE6 /* PBXTargetDependency */,
			);
			name = BindingUITests;
			productName = BindingUITests;
			productReference = 19A279232C3FA05600C05AE6 /* BindingUITests.xctest */;
			productType = "com.apple.product-type.bundle.ui-testing";
		};
/* End PBXNativeTarget section */

/* Begin PBXProject section */
		19A279012C3FA05600C05AE6 /* Project object */ = {
			isa = PBXProject;
			attributes = {
				BuildIndependentTargetsInParallel = 1;
				LastSwiftUpdateCheck = 1430;
				LastUpgradeCheck = 1430;
				TargetAttributes = {
					19A279082C3FA05600C05AE6 = {
						CreatedOnToolsVersion = 14.3.1;
					};
					19A279182C3FA05600C05AE6 = {
						CreatedOnToolsVersion = 14.3.1;
						TestTargetID = 19A279082C3FA05600C05AE6;
					};
					19A279222C3FA05600C05AE6 = {
						CreatedOnToolsVersion = 14.3.1;
						TestTargetID = 19A279082C3FA05600C05AE6;
					};
				};
			};
			buildConfigurationList = 19A279042C3FA05600C05AE6 /* Build configuration list for PBXProject "Binding" */;
			compatibilityVersion = "Xcode 14.0";
			developmentRegion = en;
			hasScannedForEncodings = 0;
			knownRegions = (
				en,
				Base,
			);
			mainGroup = 19A279002C3FA05600C05AE6;
			productRefGroup = 19A2790A2C3FA05600C05AE6 /* Products */;
			projectDirPath = "";
			projectRoot = "";
			targets = (
				19A279082C3FA05600C05AE6 /* Binding */,
				19A279182C3FA05600C05AE6 /* BindingTests */,
				19A279222C3FA05600C05AE6 /* BindingUITests */,
			);
		};
/* End PBXProject section */

/* Begin PBXResourcesBuildPhase section */
		19A279072C3FA05600C05AE6 /* Resources */ = {
			isa = PBXResourcesBuildPhase;
			buildActionMask = 2147483647;
			files = (
				19A279142C3FA05600C05AE6 /* Preview Assets.xcassets in Resources */,
				19A279112C3FA05600C05AE6 /* Assets.xcassets in Resources */,
			);
			runOnlyForDeploymentPostprocessing = 0;
		};
		19A279172C3FA05600C05AE6 /* Resources */ = {
			isa = PBXResourcesBuildPhase;
			buildActionMask = 2147483647;
			files = (
			);
			runOnlyForDeploymentPostprocessing = 0;
		};
		19A279212C3FA05600C05AE6 /* Resources */ = {
			isa = PBXResourcesBuildPhase;
			buildActionMask = 2147483647;
			files = (
			);
			runOnlyForDeploymentPostprocessing = 0;
		};
/* End PBXResourcesBuildPhase section */

/* Begin PBXSourcesBuildPhase section */
		19A279052C3FA05600C05AE6 /* Sources */ = {
			isa = PBXSourcesBuildPhase;
			buildActionMask = 2147483647;
			files = (
				19A2790F2C3FA05600C05AE6 /* ContentView.swift in Sources */,
				19A2790D2C3FA05600C05AE6 /* BindingApp.swift in Sources */,
			);
			runOnlyForDeploymentPostprocessing = 0;
		};
		19A279152C3FA05600C05AE6 /* Sources */ = {
			isa = PBXSourcesBuildPhase;
			buildActionMask = 2147483647;
			files = (
				19A2791E2C3FA05600C05AE6 /* BindingTests.swift in Sources */,
			);
			runOnlyForDeploymentPostprocessing = 0;
		};
		19A2791F2C3FA05600C05AE6 /* Sources */ = {
			isa = PBXSourcesBuildPhase;
			buildActionMask = 2147483647;
			files = (
				19A2792A2C3FA05600C05AE6 /* BindingUITestsLaunchTests.swift in Sources */,
				19A279282C3FA05600C05AE6 /* BindingUITests.swift in Sources */,
			);
			runOnlyForDeploymentPostprocessing = 0;
		};
/* End PBXSourcesBuildPhase section */

/* Begin PBXTargetDependency section */
		19A2791B2C3FA05600C05AE6 /* PBXTargetDependency */ = {
			isa = PBXTargetDependency;
			target = 19A279082C3FA05600C05AE6 /* Binding */;
			targetProxy = 19A2791A2C3FA05600C05AE6 /* PBXContainerItemProxy */;
		};
		19A279252C3FA05600C05AE6 /* PBXTargetDependency */ = {
			isa = PBXTargetDependency;
			target = 19A279082C3FA05600C05AE6 /* Binding */;
			targetProxy = 19A279242C3FA05600C05AE6 /* PBXContainerItemProxy */;
		};
/* End PBXTargetDependency section */

/* Begin XCBuildConfiguration section */
		19A2792B2C3FA05600C05AE6 /* Debug */ = {
			isa = XCBuildConfiguration;
			buildSettings = {
				ALWAYS_SEARCH_USER_PATHS = NO;
				CLANG_ANALYZER_NONNULL = YES;
				CLANG_ANALYZER_NUMBER_OBJECT_CONVERSION = YES_AGGRESSIVE;
				CLANG_CXX_LANGUAGE_STANDARD = "gnu++20";
				CLANG_ENABLE_MODULES = YES;
				CLANG_ENABLE_OBJC_ARC = YES;
				CLANG_ENABLE_OBJC_WEAK = YES;
				CLANG_WARN_BLOCK_CAPTURE_AUTORELEASING = YES;
				CLANG_WARN_BOOL_CONVERSION = YES;
				CLANG_WARN_COMMA = YES;
				CLANG_WARN_CONSTANT_CONVERSION = YES;
				CLANG_WARN_DEPRECATED_OBJC_IMPLEMENTATIONS = YES;
				CLANG_WARN_DIRECT_OBJC_ISA_USAGE = YES_ERROR;
				CLANG_WARN_DOCUMENTATION_COMMENTS = YES;
				CLANG_WARN_EMPTY_BODY = YES;
				CLANG_WARN_ENUM_CONVERSION = YES;
				CLANG_WARN_INFINITE_RECURSION = YES;
				CLANG_WARN_INT_CONVERSION = YES;
				CLANG_WARN_NON_LITERAL_NULL_CONVERSION = YES;
				CLANG_WARN_OBJC_IMPLICIT_RETAIN_SELF = YES;
				CLANG_WARN_OBJC_LITERAL_CONVERSION = YES;
				CLANG_WARN_OBJC_ROOT_CLASS = YES_ERROR;
				CLANG_WARN_QUOTED_INCLUDE_IN_FRAMEWORK_HEADER = YES;
				CLANG_WARN_RANGE_LOOP_ANALYSIS = YES;
				CLANG_WARN_STRICT_PROTOTYPES = YES;
				CLANG_WARN_SUSPICIOUS_MOVE = YES;
				CLANG_WARN_UNGUARDED_AVAILABILITY = YES_AGGRESSIVE;
				CLANG_WARN_UNREACHABLE_CODE = YES;
				CLANG_WARN__DUPLICATE_METHOD_MATCH = YES;
				COPY_PHASE_STRIP = NO;
				DEBUG_INFORMATION_FORMAT = dwarf;
				ENABLE_STRICT_OBJC_MSGSEND = YES;
				ENABLE_TESTABILITY = YES;
				GCC_C_LANGUAGE_STANDARD = gnu11;
				GCC_DYNAMIC_NO_PIC = NO;
				GCC_NO_COMMON_BLOCKS = YES;
				GCC_OPTIMIZATION_LEVEL = 0;
				GCC_PREPROCESSOR_DEFINITIONS = (
					"DEBUG=1",
					"$(inherited)",
				);
				GCC_WARN_64_TO_32_BIT_CONVERSION = YES;
				GCC_WARN_ABOUT_RETURN_TYPE = YES_ERROR;
				GCC_WARN_UNDECLARED_SELECTOR = YES;
				GCC_WARN_UNINITIALIZED_AUTOS = YES_AGGRESSIVE;
				GCC_WARN_UNUSED_FUNCTION = YES;
				GCC_WARN_UNUSED_VARIABLE = YES;
				IPHONEOS_DEPLOYMENT_TARGET = 16.4;
				MTL_ENABLE_DEBUG_INFO = INCLUDE_SOURCE;
				MTL_FAST_MATH = YES;
				ONLY_ACTIVE_ARCH = YES;
				SDKROOT = iphoneos;
				SWIFT_ACTIVE_COMPILATION_CONDITIONS = DEBUG;
				SWIFT_OPTIMIZATION_LEVEL = "-Onone";
			};
			name = Debug;
		};
		19A2792C2C3FA05600C05AE6 /* Release */ = {
			isa = XCBuildConfiguration;
			buildSettings = {
				ALWAYS_SEARCH_USER_PATHS = NO;
				CLANG_ANALYZER_NONNULL = YES;
				CLANG_ANALYZER_NUMBER_OBJECT_CONVERSION = YES_AGGRESSIVE;
				CLANG_CXX_LANGUAGE_STANDARD = "gnu++20";
				CLANG_ENABLE_MODULES = YES;
				CLANG_ENABLE_OBJC_ARC = YES;
				CLANG_ENABLE_OBJC_WEAK = YES;
				CLANG_WARN_BLOCK_CAPTURE_AUTORELEASING = YES;
				CLANG_WARN_BOOL_CONVERSION = YES;
				CLANG_WARN_COMMA = YES;
				CLANG_WARN_CONSTANT_CONVERSION = YES;
				CLANG_WARN_DEPRECATED_OBJC_IMPLEMENTATIONS = YES;
				CLANG_WARN_DIRECT_OBJC_ISA_USAGE = YES_ERROR;
				CLANG_WARN_DOCUMENTATION_COMMENTS = YES;
				CLANG_WARN_EMPTY_BODY = YES;
				CLANG_WARN_ENUM_CONVERSION = YES;
				CLANG_WARN_INFINITE_RECURSION = YES;
				CLANG_WARN_INT_CONVERSION = YES;
				CLANG_WARN_NON_LITERAL_NULL_CONVERSION = YES;
				CLANG_WARN_OBJC_IMPLICIT_RETAIN_SELF = YES;
				CLANG_WARN_OBJC_LITERAL_CONVERSION = YES;
				CLANG_WARN_OBJC_ROOT_CLASS = YES_ERROR;
				CLANG_WARN_QUOTED_INCLUDE_IN_FRAMEWORK_HEADER = YES;
				CLANG_WARN_RANGE_LOOP_ANALYSIS = YES;
				CLANG_WARN_STRICT_PROTOTYPES = YES;
				CLANG_WARN_SUSPICIOUS_MOVE = YES;
				CLANG_WARN_UNGUARDED_AVAILABILITY = YES_AGGRESSIVE;
				CLANG_WARN_UNREACHABLE_CODE = YES;
				CLANG_WARN__DUPLICATE_METHOD_MATCH = YES;
				COPY_PHASE_STRIP = NO;
				DEBUG_INFORMATION_FORMAT = "dwarf-with-dsym";
				ENABLE_NS_ASSERTIONS = NO;
				ENABLE_STRICT_OBJC_MSGSEND = YES;
				GCC_C_LANGUAGE_STANDARD = gnu11;
				GCC_NO_COMMON_BLOCKS = YES;
				GCC_WARN_64_TO_32_BIT_CONVERSION = YES;
				GCC_WARN_ABOUT_RETURN_TYPE = YES_ERROR;
				GCC_WARN_UNDECLARED_SELECTOR = YES;
				GCC_WARN_UNINITIALIZED_AUTOS = YES_AGGRESSIVE;
				GCC_WARN_UNUSED_FUNCTION = YES;
				GCC_WARN_UNUSED_VARIABLE = YES;
				IPHONEOS_DEPLOYMENT_TARGET = 16.4;
				MTL_ENABLE_DEBUG_INFO = NO;
				MTL_FAST_MATH = YES;
				SDKROOT = iphoneos;
				SWIFT_COMPILATION_MODE = wholemodule;
				SWIFT_OPTIMIZATION_LEVEL = "-O";
				VALIDATE_PRODUCT = YES;
			};
			name = Release;
		};
		19A2792E2C3FA05600C05AE6 /* Debug */ = {
			isa = XCBuildConfiguration;
			buildSettings = {
				ASSETCATALOG_COMPILER_APPICON_NAME = AppIcon;
				ASSETCATALOG_COMPILER_GLOBAL_ACCENT_COLOR_NAME = AccentColor;
				CODE_SIGN_STYLE = Automatic;
				CURRENT_PROJECT_VERSION = 1;
				DEVELOPMENT_ASSET_PATHS = "\"Binding/Preview Content\"";
				ENABLE_PREVIEWS = YES;
				GENERATE_INFOPLIST_FILE = YES;
				INFOPLIST_KEY_UIApplicationSceneManifest_Generation = YES;
				INFOPLIST_KEY_UIApplicationSupportsIndirectInputEvents = YES;
				INFOPLIST_KEY_UILaunchScreen_Generation = YES;
				INFOPLIST_KEY_UISupportedInterfaceOrientations_iPad = "UIInterfaceOrientationPortrait UIInterfaceOrientationPortraitUpsideDown UIInterfaceOrientationLandscapeLeft UIInterfaceOrientationLandscapeRight";
				INFOPLIST_KEY_UISupportedInterfaceOrientations_iPhone = "UIInterfaceOrientationPortrait UIInterfaceOrientationLandscapeLeft UIInterfaceOrientationLandscapeRight";
				LD_RUNPATH_SEARCH_PATHS = (
					"$(inherited)",
					"@executable_path/Frameworks",
				);
				MARKETING_VERSION = 1.0;
				PRODUCT_BUNDLE_IDENTIFIER = com.study.Binding;
				PRODUCT_NAME = "$(TARGET_NAME)";
				SWIFT_EMIT_LOC_STRINGS = YES;
				SWIFT_VERSION = 5.0;
				TARGETED_DEVICE_FAMILY = "1,2";
			};
			name = Debug;
		};
		19A2792F2C3FA05600C05AE6 /* Release */ = {
			isa = XCBuildConfiguration;
			buildSettings = {
				ASSETCATALOG_COMPILER_APPICON_NAME = AppIcon;
				ASSETCATALOG_COMPILER_GLOBAL_ACCENT_COLOR_NAME = AccentColor;
				CODE_SIGN_STYLE = Automatic;
				CURRENT_PROJECT_VERSION = 1;
				DEVELOPMENT_ASSET_PATHS = "\"Binding/Preview Content\"";
				ENABLE_PREVIEWS = YES;
				GENERATE_INFOPLIST_FILE = YES;
				INFOPLIST_KEY_UIApplicationSceneManifest_Generation = YES;
				INFOPLIST_KEY_UIApplicationSupportsIndirectInputEvents = YES;
				INFOPLIST_KEY_UILaunchScreen_Generation = YES;
				INFOPLIST_KEY_UISupportedInterfaceOrientations_iPad = "UIInterfaceOrientationPortrait UIInterfaceOrientationPortraitUpsideDown UIInterfaceOrientationLandscapeLeft UIInterfaceOrientationLandscapeRight";
				INFOPLIST_KEY_UISupportedInterfaceOrientations_iPhone = "UIInterfaceOrientationPortrait UIInterfaceOrientationLandscapeLeft UIInterfaceOrientationLandscapeRight";
				LD_RUNPATH_SEARCH_PATHS = (
					"$(inherited)",
					"@executable_path/Frameworks",
				);
				MARKETING_VERSION = 1.0;
				PRODUCT_BUNDLE_IDENTIFIER = com.study.Binding;
				PRODUCT_NAME = "$(TARGET_NAME)";
				SWIFT_EMIT_LOC_STRINGS = YES;
				SWIFT_VERSION = 5.0;
				TARGETED_DEVICE_FAMILY = "1,2";
			};
			name = Release;
		};
		19A279312C3FA05600C05AE6 /* Debug */ = {
			isa = XCBuildConfiguration;
			buildSettings = {
				ALWAYS_EMBED_SWIFT_STANDARD_LIBRARIES = YES;
				BUNDLE_LOADER = "$(TEST_HOST)";
				CODE_SIGN_STYLE = Automatic;
				CURRENT_PROJECT_VERSION = 1;
				GENERATE_INFOPLIST_FILE = YES;
				IPHONEOS_DEPLOYMENT_TARGET = 16.4;
				MARKETING_VERSION = 1.0;
				PRODUCT_BUNDLE_IDENTIFIER = com.study.BindingTests;
				PRODUCT_NAME = "$(TARGET_NAME)";
				SWIFT_EMIT_LOC_STRINGS = NO;
				SWIFT_VERSION = 5.0;
				TARGETED_DEVICE_FAMILY = "1,2";
				TEST_HOST = "$(BUILT_PRODUCTS_DIR)/Binding.app/$(BUNDLE_EXECUTABLE_FOLDER_PATH)/Binding";
			};
			name = Debug;
		};
		19A279322C3FA05600C05AE6 /* Release */ = {
			isa = XCBuildConfiguration;
			buildSettings = {
				ALWAYS_EMBED_SWIFT_STANDARD_LIBRARIES = YES;
				BUNDLE_LOADER = "$(TEST_HOST)";
				CODE_SIGN_STYLE = Automatic;
				CURRENT_PROJECT_VERSION = 1;
				GENERATE_INFOPLIST_FILE = YES;
				IPHONEOS_DEPLOYMENT_TARGET = 16.4;
				MARKETING_VERSION = 1.0;
				PRODUCT_BUNDLE_IDENTIFIER = com.study.BindingTests;
				PRODUCT_NAME = "$(TARGET_NAME)";
				SWIFT_EMIT_LOC_STRINGS = NO;
				SWIFT_VERSION = 5.0;
				TARGETED_DEVICE_FAMILY = "1,2";
				TEST_HOST = "$(BUILT_PRODUCTS_DIR)/Binding.app/$(BUNDLE_EXECUTABLE_FOLDER_PATH)/Binding";
			};
			name = Release;
		};
		19A279342C3FA05600C05AE6 /* Debug */ = {
			isa = XCBuildConfiguration;
			buildSettings = {
				ALWAYS_EMBED_SWIFT_STANDARD_LIBRARIES = YES;
				CODE_SIGN_STYLE = Automatic;
				CURRENT_PROJECT_VERSION = 1;
				GENERATE_INFOPLIST_FILE = YES;
				MARKETING_VERSION = 1.0;
				PRODUCT_BUNDLE_IDENTIFIER = com.study.BindingUITests;
				PRODUCT_NAME = "$(TARGET_NAME)";
				SWIFT_EMIT_LOC_STRINGS = NO;
				SWIFT_VERSION = 5.0;
				TARGETED_DEVICE_FAMILY = "1,2";
				TEST_TARGET_NAME = Binding;
			};
			name = Debug;
		};
		19A279352C3FA05600C05AE6 /* Release */ = {
			isa = XCBuildConfiguration;
			buildSettings = {
				ALWAYS_EMBED_SWIFT_STANDARD_LIBRARIES = YES;
				CODE_SIGN_STYLE = Automatic;
				CURRENT_PROJECT_VERSION = 1;
				GENERATE_INFOPLIST_FILE = YES;
				MARKETING_VERSION = 1.0;
				PRODUCT_BUNDLE_IDENTIFIER = com.study.BindingUITests;
				PRODUCT_NAME = "$(TARGET_NAME)";
				SWIFT_EMIT_LOC_STRINGS = NO;
				SWIFT_VERSION = 5.0;
				TARGETED_DEVICE_FAMILY = "1,2";
				TEST_TARGET_NAME = Binding;
			};
			name = Release;
		};
/* End XCBuildConfiguration section */

/* Begin XCConfigurationList section */
		19A279042C3FA05600C05AE6 /* Build configuration list for PBXProject "Binding" */ = {
			isa = XCConfigurationList;
			buildConfigurations = (
				19A2792B2C3FA05600C05AE6 /* Debug */,
				19A2792C2C3FA05600C05AE6 /* Release */,
			);
			defaultConfigurationIsVisible = 0;
			defaultConfigurationName = Release;
		};
		19A2792D2C3FA05600C05AE6 /* Build configuration list for PBXNativeTarget "Binding" */ = {
			isa = XCConfigurationList;
			buildConfigurations = (
				19A2792E2C3FA05600C05AE6 /* Debug */,
				19A2792F2C3FA05600C05AE6 /* Release */,
			);
			defaultConfigurationIsVisible = 0;
			defaultConfigurationName = Release;
		};
		19A279302C3FA05600C05AE6 /* Build configuration list for PBXNativeTarget "BindingTests" */ = {
			isa = XCConfigurationList;
			buildConfigurations = (
				19A279312C3FA05600C05AE6 /* Debug */,
				19A279322C3FA05600C05AE6 /* Release */,
			);
			defaultConfigurationIsVisible = 0;
			defaultConfigurationName = Release;
		};
		19A279332C3FA05600C05AE6 /* Build configuration list for PBXNativeTarget "BindingUITests" */ = {
			isa = XCConfigurationList;
			buildConfigurations = (
				19A279342C3FA05600C05AE6 /* Debug */,
				19A279352C3FA05600C05AE6 /* Release */,
			);
			defaultConfigurationIsVisible = 0;
			defaultConfigurationName = Release;
		};
/* End XCConfigurationList section */
	};
	rootObject = 19A279012C3FA05600C05AE6 /* Project object */;
}
