// !$*UTF8*$!
{
	archiveVersion = 1;
	classes = {
	};
	objectVersion = 56;
	objects = {

/* Begin PBXBuildFile section */
		194B8A4B2C477534009C3223 /* MVVMTutorialApp.swift in Sources */ = {isa = PBXBuildFile; fileRef = 194B8A4A2C477534009C3223 /* MVVMTutorialApp.swift */; };
		194B8A4D2C477534009C3223 /* ContentView.swift in Sources */ = {isa = PBXBuildFile; fileRef = 194B8A4C2C477534009C3223 /* ContentView.swift */; };
		194B8A4F2C477535009C3223 /* Assets.xcassets in Resources */ = {isa = PBXBuildFile; fileRef = 194B8A4E2C477535009C3223 /* Assets.xcassets */; };
		194B8A522C477535009C3223 /* Preview Assets.xcassets in Resources */ = {isa = PBXBuildFile; fileRef = 194B8A512C477535009C3223 /* Preview Assets.xcassets */; };
		194B8A5C2C477535009C3223 /* MVVMTutorialTests.swift in Sources */ = {isa = PBXBuildFile; fileRef = 194B8A5B2C477535009C3223 /* MVVMTutorialTests.swift */; };
		194B8A662C477535009C3223 /* MVVMTutorialUITests.swift in Sources */ = {isa = PBXBuildFile; fileRef = 194B8A652C477535009C3223 /* MVVMTutorialUITests.swift */; };
		194B8A682C477535009C3223 /* MVVMTutorialUITestsLaunchTests.swift in Sources */ = {isa = PBXBuildFile; fileRef = 194B8A672C477535009C3223 /* MVVMTutorialUITestsLaunchTests.swift */; };
/* End PBXBuildFile section */

/* Begin PBXContainerItemProxy section */
		194B8A582C477535009C3223 /* PBXContainerItemProxy */ = {
			isa = PBXContainerItemProxy;
			containerPortal = 194B8A3F2C477534009C3223 /* Project object */;
			proxyType = 1;
			remoteGlobalIDString = 194B8A462C477534009C3223;
			remoteInfo = MVVMTutorial;
		};
		194B8A622C477535009C3223 /* PBXContainerItemProxy */ = {
			isa = PBXContainerItemProxy;
			containerPortal = 194B8A3F2C477534009C3223 /* Project object */;
			proxyType = 1;
			remoteGlobalIDString = 194B8A462C477534009C3223;
			remoteInfo = MVVMTutorial;
		};
/* End PBXContainerItemProxy section */

/* Begin PBXFileReference section */
		194B8A472C477534009C3223 /* MVVMTutorial.app */ = {isa = PBXFileReference; explicitFileType = wrapper.application; includeInIndex = 0; path = MVVMTutorial.app; sourceTree = BUILT_PRODUCTS_DIR; };
		194B8A4A2C477534009C3223 /* MVVMTutorialApp.swift */ = {isa = PBXFileReference; lastKnownFileType = sourcecode.swift; path = MVVMTutorialApp.swift; sourceTree = "<group>"; };
		194B8A4C2C477534009C3223 /* ContentView.swift */ = {isa = PBXFileReference; lastKnownFileType = sourcecode.swift; path = ContentView.swift; sourceTree = "<group>"; };
		194B8A4E2C477535009C3223 /* Assets.xcassets */ = {isa = PBXFileReference; lastKnownFileType = folder.assetcatalog; path = Assets.xcassets; sourceTree = "<group>"; };
		194B8A512C477535009C3223 /* Preview Assets.xcassets */ = {isa = PBXFileReference; lastKnownFileType = folder.assetcatalog; path = "Preview Assets.xcassets"; sourceTree = "<group>"; };
		194B8A572C477535009C3223 /* MVVMTutorialTests.xctest */ = {isa = PBXFileReference; explicitFileType = wrapper.cfbundle; includeInIndex = 0; path = MVVMTutorialTests.xctest; sourceTree = BUILT_PRODUCTS_DIR; };
		194B8A5B2C477535009C3223 /* MVVMTutorialTests.swift */ = {isa = PBXFileReference; lastKnownFileType = sourcecode.swift; path = MVVMTutorialTests.swift; sourceTree = "<group>"; };
		194B8A612C477535009C3223 /* MVVMTutorialUITests.xctest */ = {isa = PBXFileReference; explicitFileType = wrapper.cfbundle; includeInIndex = 0; path = MVVMTutorialUITests.xctest; sourceTree = BUILT_PRODUCTS_DIR; };
		194B8A652C477535009C3223 /* MVVMTutorialUITests.swift */ = {isa = PBXFileReference; lastKnownFileType = sourcecode.swift; path = MVVMTutorialUITests.swift; sourceTree = "<group>"; };
		194B8A672C477535009C3223 /* MVVMTutorialUITestsLaunchTests.swift */ = {isa = PBXFileReference; lastKnownFileType = sourcecode.swift; path = MVVMTutorialUITestsLaunchTests.swift; sourceTree = "<group>"; };
/* End PBXFileReference section */

/* Begin PBXFrameworksBuildPhase section */
		194B8A442C477534009C3223 /* Frameworks */ = {
			isa = PBXFrameworksBuildPhase;
			buildActionMask = 2147483647;
			files = (
			);
			runOnlyForDeploymentPostprocessing = 0;
		};
		194B8A542C477535009C3223 /* Frameworks */ = {
			isa = PBXFrameworksBuildPhase;
			buildActionMask = 2147483647;
			files = (
			);
			runOnlyForDeploymentPostprocessing = 0;
		};
		194B8A5E2C477535009C3223 /* Frameworks */ = {
			isa = PBXFrameworksBuildPhase;
			buildActionMask = 2147483647;
			files = (
			);
			runOnlyForDeploymentPostprocessing = 0;
		};
/* End PBXFrameworksBuildPhase section */

/* Begin PBXGroup section */
		194B8A3E2C477534009C3223 = {
			isa = PBXGroup;
			children = (
				194B8A492C477534009C3223 /* MVVMTutorial */,
				194B8A5A2C477535009C3223 /* MVVMTutorialTests */,
				194B8A642C477535009C3223 /* MVVMTutorialUITests */,
				194B8A482C477534009C3223 /* Products */,
			);
			sourceTree = "<group>";
		};
		194B8A482C477534009C3223 /* Products */ = {
			isa = PBXGroup;
			children = (
				194B8A472C477534009C3223 /* MVVMTutorial.app */,
				194B8A572C477535009C3223 /* MVVMTutorialTests.xctest */,
				194B8A612C477535009C3223 /* MVVMTutorialUITests.xctest */,
			);
			name = Products;
			sourceTree = "<group>";
		};
		194B8A492C477534009C3223 /* MVVMTutorial */ = {
			isa = PBXGroup;
			children = (
				194B8A4A2C477534009C3223 /* MVVMTutorialApp.swift */,
				194B8A4C2C477534009C3223 /* ContentView.swift */,
				194B8A4E2C477535009C3223 /* Assets.xcassets */,
				194B8A502C477535009C3223 /* Preview Content */,
			);
			path = MVVMTutorial;
			sourceTree = "<group>";
		};
		194B8A502C477535009C3223 /* Preview Content */ = {
			isa = PBXGroup;
			children = (
				194B8A512C477535009C3223 /* Preview Assets.xcassets */,
			);
			path = "Preview Content";
			sourceTree = "<group>";
		};
		194B8A5A2C477535009C3223 /* MVVMTutorialTests */ = {
			isa = PBXGroup;
			children = (
				194B8A5B2C477535009C3223 /* MVVMTutorialTests.swift */,
			);
			path = MVVMTutorialTests;
			sourceTree = "<group>";
		};
		194B8A642C477535009C3223 /* MVVMTutorialUITests */ = {
			isa = PBXGroup;
			children = (
				194B8A652C477535009C3223 /* MVVMTutorialUITests.swift */,
				194B8A672C477535009C3223 /* MVVMTutorialUITestsLaunchTests.swift */,
			);
			path = MVVMTutorialUITests;
			sourceTree = "<group>";
		};
/* End PBXGroup section */

/* Begin PBXNativeTarget section */
		194B8A462C477534009C3223 /* MVVMTutorial */ = {
			isa = PBXNativeTarget;
			buildConfigurationList = 194B8A6B2C477535009C3223 /* Build configuration list for PBXNativeTarget "MVVMTutorial" */;
			buildPhases = (
				194B8A432C477534009C3223 /* Sources */,
				194B8A442C477534009C3223 /* Frameworks */,
				194B8A452C477534009C3223 /* Resources */,
			);
			buildRules = (
			);
			dependencies = (
			);
			name = MVVMTutorial;
			productName = MVVMTutorial;
			productReference = 194B8A472C477534009C3223 /* MVVMTutorial.app */;
			productType = "com.apple.product-type.application";
		};
		194B8A562C477535009C3223 /* MVVMTutorialTests */ = {
			isa = PBXNativeTarget;
			buildConfigurationList = 194B8A6E2C477535009C3223 /* Build configuration list for PBXNativeTarget "MVVMTutorialTests" */;
			buildPhases = (
				194B8A532C477535009C3223 /* Sources */,
				194B8A542C477535009C3223 /* Frameworks */,
				194B8A552C477535009C3223 /* Resources */,
			);
			buildRules = (
			);
			dependencies = (
				194B8A592C477535009C3223 /* PBXTargetDependency */,
			);
			name = MVVMTutorialTests;
			productName = MVVMTutorialTests;
			productReference = 194B8A572C477535009C3223 /* MVVMTutorialTests.xctest */;
			productType = "com.apple.product-type.bundle.unit-test";
		};
		194B8A602C477535009C3223 /* MVVMTutorialUITests */ = {
			isa = PBXNativeTarget;
			buildConfigurationList = 194B8A712C477535009C3223 /* Build configuration list for PBXNativeTarget "MVVMTutorialUITests" */;
			buildPhases = (
				194B8A5D2C477535009C3223 /* Sources */,
				194B8A5E2C477535009C3223 /* Frameworks */,
				194B8A5F2C477535009C3223 /* Resources */,
			);
			buildRules = (
			);
			dependencies = (
				194B8A632C477535009C3223 /* PBXTargetDependency */,
			);
			name = MVVMTutorialUITests;
			productName = MVVMTutorialUITests;
			productReference = 194B8A612C477535009C3223 /* MVVMTutorialUITests.xctest */;
			productType = "com.apple.product-type.bundle.ui-testing";
		};
/* End PBXNativeTarget section */

/* Begin PBXProject section */
		194B8A3F2C477534009C3223 /* Project object */ = {
			isa = PBXProject;
			attributes = {
				BuildIndependentTargetsInParallel = 1;
				LastSwiftUpdateCheck = 1430;
				LastUpgradeCheck = 1430;
				TargetAttributes = {
					194B8A462C477534009C3223 = {
						CreatedOnToolsVersion = 14.3.1;
					};
					194B8A562C477535009C3223 = {
						CreatedOnToolsVersion = 14.3.1;
						TestTargetID = 194B8A462C477534009C3223;
					};
					194B8A602C477535009C3223 = {
						CreatedOnToolsVersion = 14.3.1;
						TestTargetID = 194B8A462C477534009C3223;
					};
				};
			};
			buildConfigurationList = 194B8A422C477534009C3223 /* Build configuration list for PBXProject "MVVMTutorial" */;
			compatibilityVersion = "Xcode 14.0";
			developmentRegion = en;
			hasScannedForEncodings = 0;
			knownRegions = (
				en,
				Base,
			);
			mainGroup = 194B8A3E2C477534009C3223;
			productRefGroup = 194B8A482C477534009C3223 /* Products */;
			projectDirPath = "";
			projectRoot = "";
			targets = (
				194B8A462C477534009C3223 /* MVVMTutorial */,
				194B8A562C477535009C3223 /* MVVMTutorialTests */,
				194B8A602C477535009C3223 /* MVVMTutorialUITests */,
			);
		};
/* End PBXProject section */

/* Begin PBXResourcesBuildPhase section */
		194B8A452C477534009C3223 /* Resources */ = {
			isa = PBXResourcesBuildPhase;
			buildActionMask = 2147483647;
			files = (
				194B8A522C477535009C3223 /* Preview Assets.xcassets in Resources */,
				194B8A4F2C477535009C3223 /* Assets.xcassets in Resources */,
			);
			runOnlyForDeploymentPostprocessing = 0;
		};
		194B8A552C477535009C3223 /* Resources */ = {
			isa = PBXResourcesBuildPhase;
			buildActionMask = 2147483647;
			files = (
			);
			runOnlyForDeploymentPostprocessing = 0;
		};
		194B8A5F2C477535009C3223 /* Resources */ = {
			isa = PBXResourcesBuildPhase;
			buildActionMask = 2147483647;
			files = (
			);
			runOnlyForDeploymentPostprocessing = 0;
		};
/* End PBXResourcesBuildPhase section */

/* Begin PBXSourcesBuildPhase section */
		194B8A432C477534009C3223 /* Sources */ = {
			isa = PBXSourcesBuildPhase;
			buildActionMask = 2147483647;
			files = (
				194B8A4D2C477534009C3223 /* ContentView.swift in Sources */,
				194B8A4B2C477534009C3223 /* MVVMTutorialApp.swift in Sources */,
			);
			runOnlyForDeploymentPostprocessing = 0;
		};
		194B8A532C477535009C3223 /* Sources */ = {
			isa = PBXSourcesBuildPhase;
			buildActionMask = 2147483647;
			files = (
				194B8A5C2C477535009C3223 /* MVVMTutorialTests.swift in Sources */,
			);
			runOnlyForDeploymentPostprocessing = 0;
		};
		194B8A5D2C477535009C3223 /* Sources */ = {
			isa = PBXSourcesBuildPhase;
			buildActionMask = 2147483647;
			files = (
				194B8A682C477535009C3223 /* MVVMTutorialUITestsLaunchTests.swift in Sources */,
				194B8A662C477535009C3223 /* MVVMTutorialUITests.swift in Sources */,
			);
			runOnlyForDeploymentPostprocessing = 0;
		};
/* End PBXSourcesBuildPhase section */

/* Begin PBXTargetDependency section */
		194B8A592C477535009C3223 /* PBXTargetDependency */ = {
			isa = PBXTargetDependency;
			target = 194B8A462C477534009C3223 /* MVVMTutorial */;
			targetProxy = 194B8A582C477535009C3223 /* PBXContainerItemProxy */;
		};
		194B8A632C477535009C3223 /* PBXTargetDependency */ = {
			isa = PBXTargetDependency;
			target = 194B8A462C477534009C3223 /* MVVMTutorial */;
			targetProxy = 194B8A622C477535009C3223 /* PBXContainerItemProxy */;
		};
/* End PBXTargetDependency section */

/* Begin XCBuildConfiguration section */
		194B8A692C477535009C3223 /* Debug */ = {
			isa = XCBuildConfiguration;
			buildSettings = {
				ALWAYS_SEARCH_USER_PATHS = NO;
				CLANG_ANALYZER_NONNULL = YES;
				CLANG_ANALYZER_NUMBER_OBJECT_CONVERSION = YES_AGGRESSIVE;
				CLANG_CXX_LANGUAGE_STANDARD = "gnu++20";
				CLANG_ENABLE_MODULES = YES;
				CLANG_ENABLE_OBJC_ARC = YES;
				CLANG_ENABLE_OBJC_WEAK = YES;
				CLANG_WARN_BLOCK_CAPTURE_AUTORELEASING = YES;
				CLANG_WARN_BOOL_CONVERSION = YES;
				CLANG_WARN_COMMA = YES;
				CLANG_WARN_CONSTANT_CONVERSION = YES;
				CLANG_WARN_DEPRECATED_OBJC_IMPLEMENTATIONS = YES;
				CLANG_WARN_DIRECT_OBJC_ISA_USAGE = YES_ERROR;
				CLANG_WARN_DOCUMENTATION_COMMENTS = YES;
				CLANG_WARN_EMPTY_BODY = YES;
				CLANG_WARN_ENUM_CONVERSION = YES;
				CLANG_WARN_INFINITE_RECURSION = YES;
				CLANG_WARN_INT_CONVERSION = YES;
				CLANG_WARN_NON_LITERAL_NULL_CONVERSION = YES;
				CLANG_WARN_OBJC_IMPLICIT_RETAIN_SELF = YES;
				CLANG_WARN_OBJC_LITERAL_CONVERSION = YES;
				CLANG_WARN_OBJC_ROOT_CLASS = YES_ERROR;
				CLANG_WARN_QUOTED_INCLUDE_IN_FRAMEWORK_HEADER = YES;
				CLANG_WARN_RANGE_LOOP_ANALYSIS = YES;
				CLANG_WARN_STRICT_PROTOTYPES = YES;
				CLANG_WARN_SUSPICIOUS_MOVE = YES;
				CLANG_WARN_UNGUARDED_AVAILABILITY = YES_AGGRESSIVE;
				CLANG_WARN_UNREACHABLE_CODE = YES;
				CLANG_WARN__DUPLICATE_METHOD_MATCH = YES;
				COPY_PHASE_STRIP = NO;
				DEBUG_INFORMATION_FORMAT = dwarf;
				ENABLE_STRICT_OBJC_MSGSEND = YES;
				ENABLE_TESTABILITY = YES;
				GCC_C_LANGUAGE_STANDARD = gnu11;
				GCC_DYNAMIC_NO_PIC = NO;
				GCC_NO_COMMON_BLOCKS = YES;
				GCC_OPTIMIZATION_LEVEL = 0;
				GCC_PREPROCESSOR_DEFINITIONS = (
					"DEBUG=1",
					"$(inherited)",
				);
				GCC_WARN_64_TO_32_BIT_CONVERSION = YES;
				GCC_WARN_ABOUT_RETURN_TYPE = YES_ERROR;
				GCC_WARN_UNDECLARED_SELECTOR = YES;
				GCC_WARN_UNINITIALIZED_AUTOS = YES_AGGRESSIVE;
				GCC_WARN_UNUSED_FUNCTION = YES;
				GCC_WARN_UNUSED_VARIABLE = YES;
				IPHONEOS_DEPLOYMENT_TARGET = 16.4;
				MTL_ENABLE_DEBUG_INFO = INCLUDE_SOURCE;
				MTL_FAST_MATH = YES;
				ONLY_ACTIVE_ARCH = YES;
				SDKROOT = iphoneos;
				SWIFT_ACTIVE_COMPILATION_CONDITIONS = DEBUG;
				SWIFT_OPTIMIZATION_LEVEL = "-Onone";
			};
			name = Debug;
		};
		194B8A6A2C477535009C3223 /* Release */ = {
			isa = XCBuildConfiguration;
			buildSettings = {
				ALWAYS_SEARCH_USER_PATHS = NO;
				CLANG_ANALYZER_NONNULL = YES;
				CLANG_ANALYZER_NUMBER_OBJECT_CONVERSION = YES_AGGRESSIVE;
				CLANG_CXX_LANGUAGE_STANDARD = "gnu++20";
				CLANG_ENABLE_MODULES = YES;
				CLANG_ENABLE_OBJC_ARC = YES;
				CLANG_ENABLE_OBJC_WEAK = YES;
				CLANG_WARN_BLOCK_CAPTURE_AUTORELEASING = YES;
				CLANG_WARN_BOOL_CONVERSION = YES;
				CLANG_WARN_COMMA = YES;
				CLANG_WARN_CONSTANT_CONVERSION = YES;
				CLANG_WARN_DEPRECATED_OBJC_IMPLEMENTATIONS = YES;
				CLANG_WARN_DIRECT_OBJC_ISA_USAGE = YES_ERROR;
				CLANG_WARN_DOCUMENTATION_COMMENTS = YES;
				CLANG_WARN_EMPTY_BODY = YES;
				CLANG_WARN_ENUM_CONVERSION = YES;
				CLANG_WARN_INFINITE_RECURSION = YES;
				CLANG_WARN_INT_CONVERSION = YES;
				CLANG_WARN_NON_LITERAL_NULL_CONVERSION = YES;
				CLANG_WARN_OBJC_IMPLICIT_RETAIN_SELF = YES;
				CLANG_WARN_OBJC_LITERAL_CONVERSION = YES;
				CLANG_WARN_OBJC_ROOT_CLASS = YES_ERROR;
				CLANG_WARN_QUOTED_INCLUDE_IN_FRAMEWORK_HEADER = YES;
				CLANG_WARN_RANGE_LOOP_ANALYSIS = YES;
				CLANG_WARN_STRICT_PROTOTYPES = YES;
				CLANG_WARN_SUSPICIOUS_MOVE = YES;
				CLANG_WARN_UNGUARDED_AVAILABILITY = YES_AGGRESSIVE;
				CLANG_WARN_UNREACHABLE_CODE = YES;
				CLANG_WARN__DUPLICATE_METHOD_MATCH = YES;
				COPY_PHASE_STRIP = NO;
				DEBUG_INFORMATION_FORMAT = "dwarf-with-dsym";
				ENABLE_NS_ASSERTIONS = NO;
				ENABLE_STRICT_OBJC_MSGSEND = YES;
				GCC_C_LANGUAGE_STANDARD = gnu11;
				GCC_NO_COMMON_BLOCKS = YES;
				GCC_WARN_64_TO_32_BIT_CONVERSION = YES;
				GCC_WARN_ABOUT_RETURN_TYPE = YES_ERROR;
				GCC_WARN_UNDECLARED_SELECTOR = YES;
				GCC_WARN_UNINITIALIZED_AUTOS = YES_AGGRESSIVE;
				GCC_WARN_UNUSED_FUNCTION = YES;
				GCC_WARN_UNUSED_VARIABLE = YES;
				IPHONEOS_DEPLOYMENT_TARGET = 16.4;
				MTL_ENABLE_DEBUG_INFO = NO;
				MTL_FAST_MATH = YES;
				SDKROOT = iphoneos;
				SWIFT_COMPILATION_MODE = wholemodule;
				SWIFT_OPTIMIZATION_LEVEL = "-O";
				VALIDATE_PRODUCT = YES;
			};
			name = Release;
		};
		194B8A6C2C477535009C3223 /* Debug */ = {
			isa = XCBuildConfiguration;
			buildSettings = {
				ASSETCATALOG_COMPILER_APPICON_NAME = AppIcon;
				ASSETCATALOG_COMPILER_GLOBAL_ACCENT_COLOR_NAME = AccentColor;
				CODE_SIGN_STYLE = Automatic;
				CURRENT_PROJECT_VERSION = 1;
				DEVELOPMENT_ASSET_PATHS = "\"MVVMTutorial/Preview Content\"";
				ENABLE_PREVIEWS = YES;
				GENERATE_INFOPLIST_FILE = YES;
				INFOPLIST_KEY_UIApplicationSceneManifest_Generation = YES;
				INFOPLIST_KEY_UIApplicationSupportsIndirectInputEvents = YES;
				INFOPLIST_KEY_UILaunchScreen_Generation = YES;
				INFOPLIST_KEY_UISupportedInterfaceOrientations_iPad = "UIInterfaceOrientationPortrait UIInterfaceOrientationPortraitUpsideDown UIInterfaceOrientationLandscapeLeft UIInterfaceOrientationLandscapeRight";
				INFOPLIST_KEY_UISupportedInterfaceOrientations_iPhone = "UIInterfaceOrientationPortrait UIInterfaceOrientationLandscapeLeft UIInterfaceOrientationLandscapeRight";
				LD_RUNPATH_SEARCH_PATHS = (
					"$(inherited)",
					"@executable_path/Frameworks",
				);
				MARKETING_VERSION = 1.0;
				PRODUCT_BUNDLE_IDENTIFIER = com.study.MVVMTutorial;
				PRODUCT_NAME = "$(TARGET_NAME)";
				SWIFT_EMIT_LOC_STRINGS = YES;
				SWIFT_VERSION = 5.0;
				TARGETED_DEVICE_FAMILY = "1,2";
			};
			name = Debug;
		};
		194B8A6D2C477535009C3223 /* Release */ = {
			isa = XCBuildConfiguration;
			buildSettings = {
				ASSETCATALOG_COMPILER_APPICON_NAME = AppIcon;
				ASSETCATALOG_COMPILER_GLOBAL_ACCENT_COLOR_NAME = AccentColor;
				CODE_SIGN_STYLE = Automatic;
				CURRENT_PROJECT_VERSION = 1;
				DEVELOPMENT_ASSET_PATHS = "\"MVVMTutorial/Preview Content\"";
				ENABLE_PREVIEWS = YES;
				GENERATE_INFOPLIST_FILE = YES;
				INFOPLIST_KEY_UIApplicationSceneManifest_Generation = YES;
				INFOPLIST_KEY_UIApplicationSupportsIndirectInputEvents = YES;
				INFOPLIST_KEY_UILaunchScreen_Generation = YES;
				INFOPLIST_KEY_UISupportedInterfaceOrientations_iPad = "UIInterfaceOrientationPortrait UIInterfaceOrientationPortraitUpsideDown UIInterfaceOrientationLandscapeLeft UIInterfaceOrientationLandscapeRight";
				INFOPLIST_KEY_UISupportedInterfaceOrientations_iPhone = "UIInterfaceOrientationPortrait UIInterfaceOrientationLandscapeLeft UIInterfaceOrientationLandscapeRight";
				LD_RUNPATH_SEARCH_PATHS = (
					"$(inherited)",
					"@executable_path/Frameworks",
				);
				MARKETING_VERSION = 1.0;
				PRODUCT_BUNDLE_IDENTIFIER = com.study.MVVMTutorial;
				PRODUCT_NAME = "$(TARGET_NAME)";
				SWIFT_EMIT_LOC_STRINGS = YES;
				SWIFT_VERSION = 5.0;
				TARGETED_DEVICE_FAMILY = "1,2";
			};
			name = Release;
		};
		194B8A6F2C477535009C3223 /* Debug */ = {
			isa = XCBuildConfiguration;
			buildSettings = {
				ALWAYS_EMBED_SWIFT_STANDARD_LIBRARIES = YES;
				BUNDLE_LOADER = "$(TEST_HOST)";
				CODE_SIGN_STYLE = Automatic;
				CURRENT_PROJECT_VERSION = 1;
				GENERATE_INFOPLIST_FILE = YES;
				IPHONEOS_DEPLOYMENT_TARGET = 16.4;
				MARKETING_VERSION = 1.0;
				PRODUCT_BUNDLE_IDENTIFIER = com.study.MVVMTutorialTests;
				PRODUCT_NAME = "$(TARGET_NAME)";
				SWIFT_EMIT_LOC_STRINGS = NO;
				SWIFT_VERSION = 5.0;
				TARGETED_DEVICE_FAMILY = "1,2";
				TEST_HOST = "$(BUILT_PRODUCTS_DIR)/MVVMTutorial.app/$(BUNDLE_EXECUTABLE_FOLDER_PATH)/MVVMTutorial";
			};
			name = Debug;
		};
		194B8A702C477535009C3223 /* Release */ = {
			isa = XCBuildConfiguration;
			buildSettings = {
				ALWAYS_EMBED_SWIFT_STANDARD_LIBRARIES = YES;
				BUNDLE_LOADER = "$(TEST_HOST)";
				CODE_SIGN_STYLE = Automatic;
				CURRENT_PROJECT_VERSION = 1;
				GENERATE_INFOPLIST_FILE = YES;
				IPHONEOS_DEPLOYMENT_TARGET = 16.4;
				MARKETING_VERSION = 1.0;
				PRODUCT_BUNDLE_IDENTIFIER = com.study.MVVMTutorialTests;
				PRODUCT_NAME = "$(TARGET_NAME)";
				SWIFT_EMIT_LOC_STRINGS = NO;
				SWIFT_VERSION = 5.0;
				TARGETED_DEVICE_FAMILY = "1,2";
				TEST_HOST = "$(BUILT_PRODUCTS_DIR)/MVVMTutorial.app/$(BUNDLE_EXECUTABLE_FOLDER_PATH)/MVVMTutorial";
			};
			name = Release;
		};
		194B8A722C477535009C3223 /* Debug */ = {
			isa = XCBuildConfiguration;
			buildSettings = {
				ALWAYS_EMBED_SWIFT_STANDARD_LIBRARIES = YES;
				CODE_SIGN_STYLE = Automatic;
				CURRENT_PROJECT_VERSION = 1;
				GENERATE_INFOPLIST_FILE = YES;
				MARKETING_VERSION = 1.0;
				PRODUCT_BUNDLE_IDENTIFIER = com.study.MVVMTutorialUITests;
				PRODUCT_NAME = "$(TARGET_NAME)";
				SWIFT_EMIT_LOC_STRINGS = NO;
				SWIFT_VERSION = 5.0;
				TARGETED_DEVICE_FAMILY = "1,2";
				TEST_TARGET_NAME = MVVMTutorial;
			};
			name = Debug;
		};
		194B8A732C477535009C3223 /* Release */ = {
			isa = XCBuildConfiguration;
			buildSettings = {
				ALWAYS_EMBED_SWIFT_STANDARD_LIBRARIES = YES;
				CODE_SIGN_STYLE = Automatic;
				CURRENT_PROJECT_VERSION = 1;
				GENERATE_INFOPLIST_FILE = YES;
				MARKETING_VERSION = 1.0;
				PRODUCT_BUNDLE_IDENTIFIER = com.study.MVVMTutorialUITests;
				PRODUCT_NAME = "$(TARGET_NAME)";
				SWIFT_EMIT_LOC_STRINGS = NO;
				SWIFT_VERSION = 5.0;
				TARGETED_DEVICE_FAMILY = "1,2";
				TEST_TARGET_NAME = MVVMTutorial;
			};
			name = Release;
		};
/* End XCBuildConfiguration section */

/* Begin XCConfigurationList section */
		194B8A422C477534009C3223 /* Build configuration list for PBXProject "MVVMTutorial" */ = {
			isa = XCConfigurationList;
			buildConfigurations = (
				194B8A692C477535009C3223 /* Debug */,
				194B8A6A2C477535009C3223 /* Release */,
			);
			defaultConfigurationIsVisible = 0;
			defaultConfigurationName = Release;
		};
		194B8A6B2C477535009C3223 /* Build configuration list for PBXNativeTarget "MVVMTutorial" */ = {
			isa = XCConfigurationList;
			buildConfigurations = (
				194B8A6C2C477535009C3223 /* Debug */,
				194B8A6D2C477535009C3223 /* Release */,
			);
			defaultConfigurationIsVisible = 0;
			defaultConfigurationName = Release;
		};
		194B8A6E2C477535009C3223 /* Build configuration list for PBXNativeTarget "MVVMTutorialTests" */ = {
			isa = XCConfigurationList;
			buildConfigurations = (
				194B8A6F2C477535009C3223 /* Debug */,
				194B8A702C477535009C3223 /* Release */,
			);
			defaultConfigurationIsVisible = 0;
			defaultConfigurationName = Release;
		};
		194B8A712C477535009C3223 /* Build configuration list for PBXNativeTarget "MVVMTutorialUITests" */ = {
			isa = XCConfigurationList;
			buildConfigurations = (
				194B8A722C477535009C3223 /* Debug */,
				194B8A732C477535009C3223 /* Release */,
			);
			defaultConfigurationIsVisible = 0;
			defaultConfigurationName = Release;
		};
/* End XCConfigurationList section */
	};
	rootObject = 194B8A3F2C477534009C3223 /* Project object */;
}
